
Microsoft Visual Studio Solution File, Format Version 12.00
# Visual Studio 15
VisualStudioVersion = 15.0.27130.2027
MinimumVisualStudioVersion = 10.0.40219.1
Project("{FAE04EC0-301F-11D3-BF4B-00C04F79EFBC}") = "KeyboardShortcuts", "KeyboardShortcuts\KeyboardShortcuts.csproj", "{AA1186D2-FDD3-421F-804B-C697CEF403B0}"
EndProject
Global
	GlobalSection(SolutionConfigurationPlatforms) = preSolution
		Debug|Any CPU = Debug|Any CPU
		Release|Any CPU = Release|Any CPU
	EndGlobalSection
	GlobalSection(ProjectConfigurationPlatforms) = postSolution
		{AA1186D2-FDD3-421F-804B-C697CEF403B0}.Debug|Any CPU.ActiveCfg = Debug|Any CPU
		{AA1186D2-FDD3-421F-804B-C697CEF403B0}.Debug|Any CPU.Build.0 = Debug|Any CPU
		{AA1186D2-FDD3-421F-804B-C697CEF403B0}.Release|Any CPU.ActiveCfg = Release|Any CPU
		{AA1186D2-FDD3-421F-804B-C697CEF403B0}.Release|Any CPU.Build.0 = Release|Any CPU
	EndGlobalSection
	GlobalSection(SolutionProperties) = preSolution
		HideSolutionNode = FALSE
	EndGlobalSection
	GlobalSection(ExtensibilityGlobals) = postSolution
		SolutionGuid = {6397C354-006E-4926-9969-E6B9C557DB58}
	EndGlobalSection
EndGlobal
